github.com/google/osv-scalibr v0.4.6-0.20260727075515-eb1ca153f805 h1:KHcvuNZptSEZfSM1VZAYWCjJXeSKMjMuWMYfXgtB0ac=
github.com/google/osv-scalibr v0.4.6-0.20260727075515-eb1ca153f805/go.mod h1:zwpKksQMgyYI0lwFZ5ImtfPnHSt4BUXw6O+AHgrGC+s=
github.com/google/osv-scalibr v0.4.6-0.20260807144754-05a624cf9fa6 h1:PgbCbcCnULFggkFIabPhHiOCmGIgb2lA47pVuptcv2k=
github.com/google/osv-scalibr v0.4.6-0.20260807144754-05a624cf9fa6/go.mod h1:zwpKksQMgyYI0lwFZ5ImtfPnHSt4BUXw6O+AHgrGC+s=
