{
  "lockfile_version": "1",
  "packages": {
    "actionlint@1.7.12": {
      "last_modified": "2026-07-23T05:10:05Z",
      "resolved": "github:NixOS/nixpkgs/7525d999cd850b9a488817abc89c75dc733acf17#actionlint",
      "source": "devbox-search",
      "version": "1.7.12",
      "systems": {
        "aarch64-darwin": {
          "outputs": [
            {
              "name": "out",
              "path": "/nix/store/lzmq195syay4hpqcfs2wzgjc8zb3yx3i-actionlint-1.7.12",
              "default": true
            }
          ],
          "store_path": "/nix/store/lzmq195syay4hpqcfs2wzgjc8zb3yx3i-actionlint-1.7.12"
        },
        "aarch64-linux": {
          "outputs": [
            {
              "name": "out",
              "path": "/nix/store/8im85sv1z35jm0qr818pa2wdq8m25n4f-actionlint-1.7.12",
              "default": true
            }
          ],
          "store_path": "/nix/store/8im85sv1z35jm0qr818pa2wdq8m25n4f-actionlint-1.7.12"
        },
        "x86_64-darwin": {
          "outputs": [
            {
              "name": "out",
              "path": "/nix/store/w4rjv0ikr5r5x54w758c8ck2016nmzsx-actionlint-1.7.12",
              "default": true
            }
          ],
          "store_path": "/nix/store/w4rjv0ikr5r5x54w758c8ck2016nmzsx-actionlint-1.7.12"
        },
        "x86_64-linux": {
          "outputs": [
            {
              "name": "out",
              "path": "/nix/store/pihkd9s6gpzbq6zy6ynwqg0iif3hwfdj-actionlint-1.7.12",
              "default": true
            }
          ],
          "store_path": "/nix/store/pihkd9s6gpzbq6zy6ynwqg0iif3hwfdj-actionlint-1.7.12"
        }
      }
    },
    "bun@1.3.13": {
      "last_modified": "2026-07-23T05:10:05Z",
      "resolved": "github:NixOS/nixpkgs/7525d999cd850b9a488817abc89c75dc733acf17#bun",
      "source": "devbox-search",
      "version": "1.3.13",
      "systems": {
        "aarch64-darwin": {
          "outputs": [
            {
              "name": "out",
              "path": "/nix/store/47hbvqy9am0l7103p018rpk9mqcrmbg8-bun-1.3.13",
              "default": true
            }
          ],
          "store_path": "/nix/store/47hbvqy9am0l7103p018rpk9mqcrmbg8-bun-1.3.13"
        },
        "aarch64-linux": {
          "outputs": [
            {
              "name": "out",
              "path": "/nix/store/ia99fsq757ifpq8c52llq2v17aidxmnn-bun-1.3.13",
              "default": true
            }
          ],
          "store_path": "/nix/store/ia99fsq757ifpq8c52llq2v17aidxmnn-bun-1.3.13"
        },
        "x86_64-darwin": {
          "outputs": [
            {
              "name": "out",
              "path": "/nix/store/wn9cggwqflvqryxxb9xinl9iygndm8d9-bun-1.3.13",
              "default": true
            }
          ],
          "store_path": "/nix/store/wn9cggwqflvqryxxb9xinl9iygndm8d9-bun-1.3.13"
        },
        "x86_64-linux": {
          "outputs": [
            {
              "name": "out",
              "path": "/nix/store/fs2axbvhmim3y1dwzpf5mh56569h15df-bun-1.3.13",
              "default": true
            }
          ],
          "store_path": "/nix/store/fs2axbvhmim3y1dwzpf5mh56569h15df-bun-1.3.13"
        }
      }
    },
    "cosign@3.1.1": {
      "last_modified": "2026-07-23T05:10:05Z",
      "resolved": "github:NixOS/nixpkgs/7525d999cd850b9a488817abc89c75dc733acf17#cosign",
      "source": "devbox-search",
      "version": "3.1.1",
      "systems": {
        "aarch64-darwin": {
          "outputs": [
            {
              "name": "out",
              "path": "/nix/store/3m3hcf30j42axrbsr5j4hkfdsi37wxyy-cosign-3.1.1",
              "default": true
            }
          ],
          "store_path": "/nix/store/3m3hcf30j42axrbsr5j4hkfdsi37wxyy-cosign-3.1.1"
        },
        "aarch64-linux": {
          "outputs": [
            {
              "name": "out",
              "path": "/nix/store/h3b42vglzzw6kql0fsq71m3xqnkb712i-cosign-3.1.1",
              "default": true
            }
          ],
          "store_path": "/nix/store/h3b42vglzzw6kql0fsq71m3xqnkb712i-cosign-3.1.1"
        },
        "x86_64-darwin": {
          "outputs": [
            {
              "name": "out",
              "path": "/nix/store/3jkhjc2acixbai99gj115gvqvimj08xd-cosign-3.1.1",
              "default": true
            }
          ],
          "store_path": "/nix/store/3jkhjc2acixbai99gj115gvqvimj08xd-cosign-3.1.1"
        },
        "x86_64-linux": {
          "outputs": [
            {
              "name": "out",
              "path": "/nix/store/kjspfwwwyil1xkk77i76whml7vl3q42v-cosign-3.1.1",
              "default": true
            }
          ],
          "store_path": "/nix/store/kjspfwwwyil1xkk77i76whml7vl3q42v-cosign-3.1.1"
        }
      }
    },
    "gh@2.97.0": {
      "last_modified": "2026-08-01T16:34:20Z",
      "resolved": "github:NixOS/nixpkgs/a5cbcfe954791221bfffe2307f7d1a1bf61a871e#gh",
      "source": "devbox-search",
      "version": "2.97.0",
      "systems": {
        "aarch64-darwin": {
          "outputs": [
            {
              "name": "out",
              "path": "/nix/store/9q6i0m1x1wx24vknbs3iglvnr5aw1hxb-gh-2.97.0",
              "default": true
            }
          ],
          "store_path": "/nix/store/9q6i0m1x1wx24vknbs3iglvnr5aw1hxb-gh-2.97.0"
        },
        "aarch64-linux": {
          "outputs": [
            {
              "name": "out",
              "path": "/nix/store/8zf6nxnc574nlipbhq4z46ij22hqd9ac-gh-2.97.0",
              "default": true
            }
          ],
          "store_path": "/nix/store/8zf6nxnc574nlipbhq4z46ij22hqd9ac-gh-2.97.0"
        },
        "x86_64-linux": {
          "outputs": [
            {
              "name": "out",
              "path": "/nix/store/7ayrbzjnm88xn12lfv99c1sqprlc2bwr-gh-2.97.0",
              "default": true
            }
          ],
          "store_path": "/nix/store/7ayrbzjnm88xn12lfv99c1sqprlc2bwr-gh-2.97.0"
        }
      }
    },
    "git@2.55.0": {
      "last_modified": "2026-07-23T05:10:05Z",
      "resolved": "github:NixOS/nixpkgs/7525d999cd850b9a488817abc89c75dc733acf17#git",
      "source": "devbox-search",
      "version": "2.55.0",
      "systems": {
        "aarch64-darwin": {
          "outputs": [
            {
              "name": "out",
              "path": "/nix/store/mm146m54sdyyqlgn1vs1y2ha8qkqbq4d-git-2.55.0",
              "default": true
            },
            {
              "name": "doc",
              "path": "/nix/store/6zngfmnwj4f1i6y81sbp2ni3nfzbhapr-git-2.55.0-doc"
            }
          ],
          "store_path": "/nix/store/mm146m54sdyyqlgn1vs1y2ha8qkqbq4d-git-2.55.0"
        },
        "aarch64-linux": {
          "outputs": [
            {
              "name": "out",
              "path": "/nix/store/m5pr759k6l5w4pry4d96nk47hj8pq1fp-git-2.55.0",
              "default": true
            },
            {
              "name": "debug",
              "path": "/nix/store/3vz6cdc94ch6vyfvs2hsr3di4a112dcl-git-2.55.0-debug"
            },
            {
              "name": "doc",
              "path": "/nix/store/7i5h1q53czyr7pi9zv5ljdyi3x88w362-git-2.55.0-doc"
            }
          ],
          "store_path": "/nix/store/m5pr759k6l5w4pry4d96nk47hj8pq1fp-git-2.55.0"
        },
        "x86_64-linux": {
          "outputs": [
            {
              "name": "out",
              "path": "/nix/store/rq1vg974qcxzb9dazz9dbq2qm72r9fa4-git-2.55.0",
              "default": true
            },
            {
              "name": "debug",
              "path": "/nix/store/q36dlq816877n8is15shkyhcwp1d4va1-git-2.55.0-debug"
            },
            {
              "name": "doc",
              "path": "/nix/store/kbddl0iwydskifb753jn5zhzayazzfwm-git-2.55.0-doc"
            }
          ],
          "store_path": "/nix/store/rq1vg974qcxzb9dazz9dbq2qm72r9fa4-git-2.55.0"
        }
      }
    },
    "github:NixOS/nixpkgs/nixpkgs-unstable": {
      "last_modified": "2026-07-29T04:59:45Z",
      "resolved": "github:NixOS/nixpkgs/9bc02893134c733dd85de46ee4fb2fac696b5529?lastModified=1785301185&narHash=sha256-eoS3KQTO0aPWXZvIaRbRAzSSHW3l5wdMFXtT1ISfoKA%3D"
    },
    "go@1.26.5": {
      "last_modified": "2026-07-23T05:10:05Z",
      "resolved": "github:NixOS/nixpkgs/7525d999cd850b9a488817abc89c75dc733acf17#go",
      "source": "devbox-search",
      "version": "1.26.5",
      "systems": {
        "aarch64-darwin": {
          "outputs": [
            {
              "name": "out",
              "path": "/nix/store/naw4mj4s58ymzlc10a76y79m40w3wfpp-go-1.26.5",
              "default": true
            }
          ],
          "store_path": "/nix/store/naw4mj4s58ymzlc10a76y79m40w3wfpp-go-1.26.5"
        },
        "aarch64-linux": {
          "outputs": [
            {
              "name": "out",
              "path": "/nix/store/fhg6v8k9hbqpr4b2zcmd099afxh7qxw0-go-1.26.5",
              "default": true
            }
          ],
          "store_path": "/nix/store/fhg6v8k9hbqpr4b2zcmd099afxh7qxw0-go-1.26.5"
        },
        "x86_64-linux": {
          "outputs": [
            {
              "name": "out",
              "path": "/nix/store/rcz9i4msbg3178grqll9h98b07dwk7zg-go-1.26.5",
              "default": true
            }
          ],
          "store_path": "/nix/store/rcz9i4msbg3178grqll9h98b07dwk7zg-go-1.26.5"
        }
      }
    },
    "gofumpt@0.11.0": {
      "last_modified": "2026-08-03T00:04:07Z",
      "resolved": "github:NixOS/nixpkgs/243895692ae2a2fbd08a05141462c0cc0d3ca10f#gofumpt",
      "source": "devbox-search",
      "version": "0.11.0",
      "systems": {
        "aarch64-darwin": {
          "outputs": [
            {
              "name": "out",
              "path": "/nix/store/my2q57wkn595sgsyjjmg44dmlndz86mm-gofumpt-0.11.0",
              "default": true
            }
          ],
          "store_path": "/nix/store/my2q57wkn595sgsyjjmg44dmlndz86mm-gofumpt-0.11.0"
        },
        "aarch64-linux": {
          "outputs": [
            {
              "name": "out",
              "path": "/nix/store/hbcpzxsrcvmd6rgf7d4nxgqsbqd3ihid-gofumpt-0.11.0",
              "default": true
            }
          ],
          "store_path": "/nix/store/hbcpzxsrcvmd6rgf7d4nxgqsbqd3ihid-gofumpt-0.11.0"
        },
        "x86_64-linux": {
          "outputs": [
            {
              "name": "out",
              "path": "/nix/store/47q4s6pg3g1bz9crb0r7m70vy2qwm4g5-gofumpt-0.11.0",
              "default": true
            }
          ],
          "store_path": "/nix/store/47q4s6pg3g1bz9crb0r7m70vy2qwm4g5-gofumpt-0.11.0"
        }
      }
    },
    "golangci-lint@2.12.2": {
      "last_modified": "2026-07-23T05:10:05Z",
      "resolved": "github:NixOS/nixpkgs/7525d999cd850b9a488817abc89c75dc733acf17#golangci-lint",
      "source": "devbox-search",
      "version": "2.12.2",
      "systems": {
        "aarch64-darwin": {
          "outputs": [
            {
              "name": "out",
              "path": "/nix/store/l2j3j7nvynbk0gw5km9pknizq593633j-golangci-lint-2.12.2",
              "default": true
            }
          ],
          "store_path": "/nix/store/l2j3j7nvynbk0gw5km9pknizq593633j-golangci-lint-2.12.2"
        },
        "aarch64-linux": {
          "outputs": [
            {
              "name": "out",
              "path": "/nix/store/gpyxbilsvyw9wv49nh4ng6lva95z38j3-golangci-lint-2.12.2",
              "default": true
            }
          ],
          "store_path": "/nix/store/gpyxbilsvyw9wv49nh4ng6lva95z38j3-golangci-lint-2.12.2"
        },
        "x86_64-darwin": {
          "outputs": [
            {
              "name": "out",
              "path": "/nix/store/w8c3i6vmxnnj0xixvjsa9lva3rcd2rvs-golangci-lint-2.12.2",
              "default": true
            }
          ],
          "store_path": "/nix/store/w8c3i6vmxnnj0xixvjsa9lva3rcd2rvs-golangci-lint-2.12.2"
        },
        "x86_64-linux": {
          "outputs": [
            {
              "name": "out",
              "path": "/nix/store/47w5wfrc8bcvggamqqlvkyavpc9l2bsm-golangci-lint-2.12.2",
              "default": true
            }
          ],
          "store_path": "/nix/store/47w5wfrc8bcvggamqqlvkyavpc9l2bsm-golangci-lint-2.12.2"
        }
      }
    },
    "govulncheck@1.6.0": {
      "last_modified": "2026-07-23T05:10:05Z",
      "resolved": "github:NixOS/nixpkgs/7525d999cd850b9a488817abc89c75dc733acf17#govulncheck",
      "source": "devbox-search",
      "version": "1.6.0",
      "systems": {
        "aarch64-darwin": {
          "outputs": [
            {
              "name": "out",
              "path": "/nix/store/9ps7wq5sdbnyizbs4pxk1pi3p691vxpz-govulncheck-1.6.0",
              "default": true
            }
          ],
          "store_path": "/nix/store/9ps7wq5sdbnyizbs4pxk1pi3p691vxpz-govulncheck-1.6.0"
        },
        "aarch64-linux": {
          "outputs": [
            {
              "name": "out",
              "path": "/nix/store/p9iwg2wrrfjzm886rxpvrmyrric7f2q1-govulncheck-1.6.0",
              "default": true
            }
          ],
          "store_path": "/nix/store/p9iwg2wrrfjzm886rxpvrmyrric7f2q1-govulncheck-1.6.0"
        },
        "x86_64-linux": {
          "outputs": [
            {
              "name": "out",
              "path": "/nix/store/72cakqyzz813f6pbgygwvqi2k9ljcpg9-govulncheck-1.6.0",
              "default": true
            }
          ],
          "store_path": "/nix/store/72cakqyzz813f6pbgygwvqi2k9ljcpg9-govulncheck-1.6.0"
        }
      }
    },
    "jq@1.8.2": {
      "last_modified": "2026-07-23T13:11:22Z",
      "resolved": "github:NixOS/nixpkgs/6d12004108e0e4a5cfa4bd83b14477f040b15773#jq",
      "source": "devbox-search",
      "version": "1.8.2",
      "systems": {
        "aarch64-darwin": {
          "outputs": [
            {
              "name": "bin",
              "path": "/nix/store/1fi2mymhcrnjf4cz0z69plamcdqfnary-jq-1.8.2-bin",
              "default": true
            },
            {
              "name": "man",
              "path": "/nix/store/yl5bdw2pcn90ldqq7r3siwv9wbbkwd8v-jq-1.8.2-man",
              "default": true
            },
            {
              "name": "dev",
              "path": "/nix/store/i8qqb6bphlk58b71077fmadwbq15f1fx-jq-1.8.2-dev"
            },
            {
              "name": "doc",
              "path": "/nix/store/g2j9dyv54j9cdil6ixmwhcmk9p1hs4p4-jq-1.8.2-doc"
            },
            {
              "name": "out",
              "path": "/nix/store/swk3im3b74m5mq3fz70liv0a41gq5bg9-jq-1.8.2"
            }
          ],
          "store_path": "/nix/store/1fi2mymhcrnjf4cz0z69plamcdqfnary-jq-1.8.2-bin"
        },
        "aarch64-linux": {
          "outputs": [
            {
              "name": "bin",
              "path": "/nix/store/l18as28b4wwqds62yqci9l8xhhdhf78l-jq-1.8.2-bin",
              "default": true
            },
            {
              "name": "man",
              "path": "/nix/store/d4213dzz6zg89ga8dbnia2hjbzdcrdfh-jq-1.8.2-man",
              "default": true
            },
            {
              "name": "dev",
              "path": "/nix/store/n82y4hrj0kzw66q0c630r72a2vkf21p8-jq-1.8.2-dev"
            },
            {
              "name": "doc",
              "path": "/nix/store/5dq5m09dlqhm2nxaxqqmffdhzy7sp809-jq-1.8.2-doc"
            },
            {
              "name": "out",
              "path": "/nix/store/97hmn17vbpx0l0wbi4jc6hwr3pyy2zz3-jq-1.8.2"
            }
          ],
          "store_path": "/nix/store/l18as28b4wwqds62yqci9l8xhhdhf78l-jq-1.8.2-bin"
        },
        "x86_64-linux": {
          "outputs": [
            {
              "name": "bin",
              "path": "/nix/store/qqd37kj25f68wxmr9rg05850y9daxbrp-jq-1.8.2-bin",
              "default": true
            },
            {
              "name": "man",
              "path": "/nix/store/9bgnz6r8fb7kk09dzz94wf13lkz2rbbq-jq-1.8.2-man",
              "default": true
            },
            {
              "name": "dev",
              "path": "/nix/store/k39ljkrhbwjb1mahd45zk2w4x34d1345-jq-1.8.2-dev"
            },
            {
              "name": "doc",
              "path": "/nix/store/gygm29lm9w8c392lrk5a94izcghnk0n4-jq-1.8.2-doc"
            },
            {
              "name": "out",
              "path": "/nix/store/s75d4pw16pipr7xqczdw3mg5950cr8mk-jq-1.8.2"
            }
          ],
          "store_path": "/nix/store/qqd37kj25f68wxmr9rg05850y9daxbrp-jq-1.8.2-bin"
        }
      }
    },
    "opentofu@1.12.5": {
      "last_modified": "2026-08-01T16:34:20Z",
      "resolved": "github:NixOS/nixpkgs/a5cbcfe954791221bfffe2307f7d1a1bf61a871e#opentofu",
      "source": "devbox-search",
      "version": "1.12.5",
      "systems": {
        "aarch64-darwin": {
          "outputs": [
            {
              "name": "out",
              "path": "/nix/store/qsy51q5yhzi75ky96hqbjjdp5zsx11qy-opentofu-1.12.5",
              "default": true
            }
          ],
          "store_path": "/nix/store/qsy51q5yhzi75ky96hqbjjdp5zsx11qy-opentofu-1.12.5"
        },
        "aarch64-linux": {
          "outputs": [
            {
              "name": "out",
              "path": "/nix/store/3sm913zd9396npr6iyzi3yqh19v7r4v2-opentofu-1.12.5",
              "default": true
            }
          ],
          "store_path": "/nix/store/3sm913zd9396npr6iyzi3yqh19v7r4v2-opentofu-1.12.5"
        },
        "x86_64-linux": {
          "outputs": [
            {
              "name": "out",
              "path": "/nix/store/9dj5sdaq6vksi96ibn9vpyzjcbhf26jv-opentofu-1.12.5",
              "default": true
            }
          ],
          "store_path": "/nix/store/9dj5sdaq6vksi96ibn9vpyzjcbhf26jv-opentofu-1.12.5"
        }
      }
    },
    "shellcheck@0.11.0": {
      "last_modified": "2026-07-23T05:10:05Z",
      "resolved": "github:NixOS/nixpkgs/7525d999cd850b9a488817abc89c75dc733acf17#shellcheck",
      "source": "devbox-search",
      "version": "0.11.0",
      "systems": {
        "aarch64-darwin": {
          "outputs": [
            {
              "name": "bin",
              "path": "/nix/store/wh8gg40x023xn9n0rgsil9r2l95wbavi-shellcheck-0.11.0-bin",
              "default": true
            },
            {
              "name": "man",
              "path": "/nix/store/z6y07qmh1djgjqny0bjgyr6rhld9xwn9-shellcheck-0.11.0-man",
              "default": true
            },
            {
              "name": "doc",
              "path": "/nix/store/5012amxy82f9b2d6pxyspc2sk8mprvcy-shellcheck-0.11.0-doc",
              "default": true
            },
            {
              "name": "out",
              "path": "/nix/store/lifq4m2zckqx8la1y93sa9jbppaywk8a-shellcheck-0.11.0"
            }
          ],
          "store_path": "/nix/store/wh8gg40x023xn9n0rgsil9r2l95wbavi-shellcheck-0.11.0-bin"
        },
        "aarch64-linux": {
          "outputs": [
            {
              "name": "bin",
              "path": "/nix/store/9b1ggvsx71aavzf3sg1s3pkjjfl776pa-shellcheck-0.11.0-bin",
              "default": true
            },
            {
              "name": "man",
              "path": "/nix/store/6sgxmiifwgfpnaddg11k73p4cq71xcrn-shellcheck-0.11.0-man",
              "default": true
            },
            {
              "name": "doc",
              "path": "/nix/store/4mbdk0nkfiva25q3v4j85vs91ixaix3b-shellcheck-0.11.0-doc",
              "default": true
            },
            {
              "name": "out",
              "path": "/nix/store/zgly4zva6wjzvdp6d599s552ibkwczv4-shellcheck-0.11.0"
            }
          ],
          "store_path": "/nix/store/9b1ggvsx71aavzf3sg1s3pkjjfl776pa-shellcheck-0.11.0-bin"
        },
        "x86_64-darwin": {
          "outputs": [
            {
              "name": "bin",
              "path": "/nix/store/68yldspq5p1gxa79ghprb1njskk36ax2-shellcheck-0.11.0-bin",
              "default": true
            },
            {
              "name": "man",
              "path": "/nix/store/90d8x14kmdq8fa12d5azjwdnp4z55q8b-shellcheck-0.11.0-man",
              "default": true
            },
            {
              "name": "doc",
              "path": "/nix/store/4sk9v7wwdh2sia6wi3rknvvvm52wqg6r-shellcheck-0.11.0-doc",
              "default": true
            },
            {
              "name": "out",
              "path": "/nix/store/crl9a7fkfbpjbzgwj5nwpj57bmj7z940-shellcheck-0.11.0"
            }
          ],
          "store_path": "/nix/store/68yldspq5p1gxa79ghprb1njskk36ax2-shellcheck-0.11.0-bin"
        },
        "x86_64-linux": {
          "outputs": [
            {
              "name": "bin",
              "path": "/nix/store/9phb1flallb4fw685dlblzbqrh9qkphi-shellcheck-0.11.0-bin",
              "default": true
            },
            {
              "name": "man",
              "path": "/nix/store/jkp411xmhm8nqvxykjzfiz303fw6sshx-shellcheck-0.11.0-man",
              "default": true
            },
            {
              "name": "doc",
              "path": "/nix/store/8qq3p694mapmadi98dgcp4ig88lqpfq0-shellcheck-0.11.0-doc",
              "default": true
            },
            {
              "name": "out",
              "path": "/nix/store/34m1q0dfl1fxsakh63678ni2qndgy8mg-shellcheck-0.11.0"
            }
          ],
          "store_path": "/nix/store/9phb1flallb4fw685dlblzbqrh9qkphi-shellcheck-0.11.0-bin"
        }
      }
    },
    "terraform-docs@0.24.0": {
      "last_modified": "2026-08-03T00:04:07Z",
      "resolved": "github:NixOS/nixpkgs/243895692ae2a2fbd08a05141462c0cc0d3ca10f#terraform-docs",
      "source": "devbox-search",
      "version": "0.24.0",
      "systems": {
        "aarch64-darwin": {
          "outputs": [
            {
              "name": "out",
              "path": "/nix/store/bssqxi46yc9q2z727h44kdabfpl3cy27-terraform-docs-0.24.0",
              "default": true
            }
          ],
          "store_path": "/nix/store/bssqxi46yc9q2z727h44kdabfpl3cy27-terraform-docs-0.24.0"
        },
        "aarch64-linux": {
          "outputs": [
            {
              "name": "out",
              "path": "/nix/store/fp2hgnkwkb43fxrch2cayxql92iif0gf-terraform-docs-0.24.0",
              "default": true
            }
          ],
          "store_path": "/nix/store/fp2hgnkwkb43fxrch2cayxql92iif0gf-terraform-docs-0.24.0"
        },
        "x86_64-linux": {
          "outputs": [
            {
              "name": "out",
              "path": "/nix/store/052wfv70qy2vaxy5vm1dlhpr53cd10k5-terraform-docs-0.24.0",
              "default": true
            }
          ],
          "store_path": "/nix/store/052wfv70qy2vaxy5vm1dlhpr53cd10k5-terraform-docs-0.24.0"
        }
      }
    },
    "tflint@0.64.0": {
      "last_modified": "2026-08-01T16:34:20Z",
      "resolved": "github:NixOS/nixpkgs/a5cbcfe954791221bfffe2307f7d1a1bf61a871e#tflint",
      "source": "devbox-search",
      "version": "0.64.0",
      "systems": {
        "aarch64-darwin": {
          "outputs": [
            {
              "name": "out",
              "path": "/nix/store/34xm9gh9lp3fs95b0zzhs52fvsxfi24z-tflint-0.64.0",
              "default": true
            }
          ],
          "store_path": "/nix/store/34xm9gh9lp3fs95b0zzhs52fvsxfi24z-tflint-0.64.0"
        },
        "aarch64-linux": {
          "outputs": [
            {
              "name": "out",
              "path": "/nix/store/wqv19fzmqi57q7vj2jcbvrygkh4zq7fl-tflint-0.64.0",
              "default": true
            }
          ],
          "store_path": "/nix/store/wqv19fzmqi57q7vj2jcbvrygkh4zq7fl-tflint-0.64.0"
        },
        "x86_64-linux": {
          "outputs": [
            {
              "name": "out",
              "path": "/nix/store/0x3wir8y515aq3fgnzcp54wpl5vrsavx-tflint-0.64.0",
              "default": true
            }
          ],
          "store_path": "/nix/store/0x3wir8y515aq3fgnzcp54wpl5vrsavx-tflint-0.64.0"
        }
      }
    },
    "trivy@0.72.0": {
      "last_modified": "2026-07-23T05:10:05Z",
      "resolved": "github:NixOS/nixpkgs/7525d999cd850b9a488817abc89c75dc733acf17#trivy",
      "source": "devbox-search",
      "version": "0.72.0",
      "systems": {
        "aarch64-darwin": {
          "outputs": [
            {
              "name": "out",
              "path": "/nix/store/1k97nyvj2mczl2g24lf4ndw2yl319636-trivy-0.72.0",
              "default": true
            }
          ],
          "store_path": "/nix/store/1k97nyvj2mczl2g24lf4ndw2yl319636-trivy-0.72.0"
        },
        "aarch64-linux": {
          "outputs": [
            {
              "name": "out",
              "path": "/nix/store/sqw3m71v7bv4qzp7k6zi0aj1wpzrv5mk-trivy-0.72.0",
              "default": true
            }
          ],
          "store_path": "/nix/store/sqw3m71v7bv4qzp7k6zi0aj1wpzrv5mk-trivy-0.72.0"
        },
        "x86_64-darwin": {
          "outputs": [
            {
              "name": "out",
              "path": "/nix/store/8k87qdbswg62ids7r10kfn3c12j8m3ah-trivy-0.72.0",
              "default": true
            }
          ],
          "store_path": "/nix/store/8k87qdbswg62ids7r10kfn3c12j8m3ah-trivy-0.72.0"
        },
        "x86_64-linux": {
          "outputs": [
            {
              "name": "out",
              "path": "/nix/store/7c8x8byjqlzv5jfyx6j495k61ilpgmp8-trivy-0.72.0",
              "default": true
            }
          ],
          "store_path": "/nix/store/7c8x8byjqlzv5jfyx6j495k61ilpgmp8-trivy-0.72.0"
        }
      }
    }
  }
}
